{
  "name": "motion-canvas-webcodecs",
  "version": "0.0.1",
  "lockfileVersion": 3,
  "requires": true,
  "packages": {
    "": {
      "name": "motion-canvas-webcodecs",
      "version": "0.0.1",
      "license": "MIT",
      "dependencies": {
        "mediabunny": "^1.15.2"
      },
      "devDependencies": {
        "typescript": "^5.8.2"
      },
      "peerDependencies": {
        "@motion-canvas/core": "^3.17.2"
      }
    },
    "node_modules/@motion-canvas/core": {
      "version": "3.17.2",
      "resolved": "https://registry.npmjs.org/@motion-canvas/core/-/core-3.17.2.tgz",
      "integrity": "sha512-9M4NxNVR9LLxZ+ykTznMcbMlKjbe2NkmDIlFDl2uOyVkK5wFiRwF7k13a1I/n3BVxJJoKPt9UOQF/wn3LrBXJA==",
      "license": "MIT",
      "peer": true,
      "dependencies": {
        "@types/chroma-js": "2.4.4",
        "chroma-js": "2.4.2"
      }
    },
    "node_modules/@types/chroma-js": {
      "version": "2.4.4",
      "resolved": "https://registry.npmjs.org/@types/chroma-js/-/chroma-js-2.4.4.tgz",
      "integrity": "sha512-/DTccpHTaKomqussrn+ciEvfW4k6NAHzNzs/sts1TCqg333qNxOhy8TNIoQCmbGG3Tl8KdEhkGAssb1n3mTXiQ==",
      "license": "MIT",
      "peer": true
    },
    "node_modules/@types/dom-mediacapture-transform": {
      "version": "0.1.11",
      "resolved": "https://registry.npmjs.org/@types/dom-mediacapture-transform/-/dom-mediacapture-transform-0.1.11.tgz",
      "integrity": "sha512-Y2p+nGf1bF2XMttBnsVPHUWzRRZzqUoJAKmiP10b5umnO6DDrWI0BrGDJy1pOHoOULVmGSfFNkQrAlC5dcj6nQ==",
      "license": "MIT",
      "dependencies": {
        "@types/dom-webcodecs": "*"
      }
    },
    "node_modules/@types/dom-webcodecs": {
      "version": "0.1.13",
      "resolved": "https://registry.npmjs.org/@types/dom-webcodecs/-/dom-webcodecs-0.1.13.tgz",
      "integrity": "sha512-O5hkiFIcjjszPIYyUSyvScyvrBoV3NOEEZx/pMlsu44TKzWNkLVBBxnxJz42in5n3QIolYOcBYFCPZZ0h8SkwQ==",
      "license": "MIT"
    },
    "node_modules/chroma-js": {
      "version": "2.4.2",
      "resolved": "https://registry.npmjs.org/chroma-js/-/chroma-js-2.4.2.tgz",
      "integrity": "sha512-U9eDw6+wt7V8z5NncY2jJfZa+hUH8XEj8FQHgFJTrUFnJfXYf4Ml4adI2vXZOjqRDpFWtYVWypDfZwnJ+HIR4A==",
      "license": "(BSD-3-Clause AND Apache-2.0)",
      "peer": true
    },
    "node_modules/mediabunny": {
      "version": "1.15.2",
      "resolved": "https://registry.npmjs.org/mediabunny/-/mediabunny-1.15.2.tgz",
      "integrity": "sha512-OvIuSK10wNdz+7Dd4bmeq/IWkYG0bkm33FQb29vmyDztpr47ru8XSxYansa3EHLy6lLEm4rUADUENOcmrnN0jg==",
      "license": "MPL-2.0",
      "workspaces": [
        "packages/*"
      ],
      "dependencies": {
        "@types/dom-mediacapture-transform": "^0.1.11",
        "@types/dom-webcodecs": "0.1.13"
      },
      "funding": {
        "type": "individual",
        "url": "https://github.com/sponsors/Vanilagy"
      }
    },
    "node_modules/typescript": {
      "version": "5.9.2",
      "resolved": "https://registry.npmjs.org/typescript/-/typescript-5.9.2.tgz",
      "integrity": "sha512-CWBzXQrc/qOkhidw1OzBTQuYRbfyxDXJMVJ1XNwUHGROVmuaeiEm3OslpZ1RV96d7SKKjZKrSJu3+t/xlw3R9A==",
      "dev": true,
      "license": "Apache-2.0",
      "bin": {
        "tsc": "bin/tsc",
        "tsserver": "bin/tsserver"
      },
      "engines": {
        "node": ">=14.17"
      }
    }
  }
}
